
Microsoft Visual Studio Solution File, Format Version 12.00
# Visual Studio Version 16
VisualStudioVersion = 16.0.30320.27
MinimumVisualStudioVersion = 10.0.40219.1
Project("{FAE04EC0-301F-11D3-BF4B-00C04F79EFBC}") = "BinaryBoarding", "BinaryBoarding\BinaryBoarding.csproj", "{893504C1-0F75-4BC6-890C-DC34C2534EAB}"
EndProject
Global
	GlobalSection(SolutionConfigurationPlatforms) = preSolution
		Debug|Any CPU = Debug|Any CPU
		Release|Any CPU = Release|Any CPU
	EndGlobalSection
	GlobalSection(ProjectConfigurationPlatforms) = postSolution
		{893504C1-0F75-4BC6-890C-DC34C2534EAB}.Debug|Any CPU.ActiveCfg = Debug|Any CPU
		{893504C1-0F75-4BC6-890C-DC34C2534EAB}.Debug|Any CPU.Build.0 = Debug|Any CPU
		{893504C1-0F75-4BC6-890C-DC34C2534EAB}.Release|Any CPU.ActiveCfg = Release|Any CPU
		{893504C1-0F75-4BC6-890C-DC34C2534EAB}.Release|Any CPU.Build.0 = Release|Any CPU
	EndGlobalSection
	GlobalSection(SolutionProperties) = preSolution
		HideSolutionNode = FALSE
	EndGlobalSection
	GlobalSection(ExtensibilityGlobals) = postSolution
		SolutionGuid = {7713F09E-4273-4F8E-8C95-D7D111D3BEED}
	EndGlobalSection
EndGlobal
